
Microsoft Visual Studio Solution File, Format Version 12.00
# Visual Studio 15
VisualStudioVersion = 15.0.26730.8
MinimumVisualStudioVersion = 10.0.40219.1
Project("{FAE04EC0-301F-11D3-BF4B-00C04F79EFBC}") = "mamacom_ios", "mamacom_ios\mamacom_ios.csproj", "{45B5F95E-3492-477A-A7D6-35EEDF1D863B}"
EndProject
Global
	GlobalSection(SolutionConfigurationPlatforms) = preSolution
		Ad-Hoc|iPhone = Ad-Hoc|iPhone
		Ad-Hoc|iPhoneSimulator = Ad-Hoc|iPhoneSimulator
		AppStore|iPhone = AppStore|iPhone
		AppStore|iPhoneSimulator = AppStore|iPhoneSimulator
		Debug|iPhone = Debug|iPhone
		Debug|iPhoneSimulator = Debug|iPhoneSimulator
		Release|iPhone = Release|iPhone
		Release|iPhoneSimulator = Release|iPhoneSimulator
	EndGlobalSection
	GlobalSection(ProjectConfigurationPlatforms) = postSolution
		{45B5F95E-3492-477A-A7D6-35EEDF1D863B}.Ad-Hoc|iPhone.ActiveCfg = Ad-Hoc|iPhone
		{45B5F95E-3492-477A-A7D6-35EEDF1D863B}.Ad-Hoc|iPhone.Build.0 = Ad-Hoc|iPhone
		{45B5F95E-3492-477A-A7D6-35EEDF1D863B}.Ad-Hoc|iPhoneSimulator.ActiveCfg = Ad-Hoc|iPhoneSimulator
		{45B5F95E-3492-477A-A7D6-35EEDF1D863B}.Ad-Hoc|iPhoneSimulator.Build.0 = Ad-Hoc|iPhoneSimulator
		{45B5F95E-3492-477A-A7D6-35EEDF1D863B}.AppStore|iPhone.ActiveCfg = AppStore|iPhone
		{45B5F95E-3492-477A-A7D6-35EEDF1D863B}.AppStore|iPhone.Build.0 = AppStore|iPhone
		{45B5F95E-3492-477A-A7D6-35EEDF1D863B}.AppStore|iPhoneSimulator.ActiveCfg = AppStore|iPhoneSimulator
		{45B5F95E-3492-477A-A7D6-35EEDF1D863B}.AppStore|iPhoneSimulator.Build.0 = AppStore|iPhoneSimulator
		{45B5F95E-3492-477A-A7D6-35EEDF1D863B}.Debug|iPhone.ActiveCfg = Debug|iPhone
		{45B5F95E-3492-477A-A7D6-35EEDF1D863B}.Debug|iPhone.Build.0 = Debug|iPhone
		{45B5F95E-3492-477A-A7D6-35EEDF1D863B}.Debug|iPhoneSimulator.ActiveCfg = Debug|iPhoneSimulator
		{45B5F95E-3492-477A-A7D6-35EEDF1D863B}.Debug|iPhoneSimulator.Build.0 = Debug|iPhoneSimulator
		{45B5F95E-3492-477A-A7D6-35EEDF1D863B}.Release|iPhone.ActiveCfg = Release|iPhone
		{45B5F95E-3492-477A-A7D6-35EEDF1D863B}.Release|iPhone.Build.0 = Release|iPhone
		{45B5F95E-3492-477A-A7D6-35EEDF1D863B}.Release|iPhoneSimulator.ActiveCfg = Release|iPhoneSimulator
		{45B5F95E-3492-477A-A7D6-35EEDF1D863B}.Release|iPhoneSimulator.Build.0 = Release|iPhoneSimulator
	EndGlobalSection
	GlobalSection(SolutionProperties) = preSolution
		HideSolutionNode = FALSE
	EndGlobalSection
	GlobalSection(ExtensibilityGlobals) = postSolution
		SolutionGuid = {F038E2A8-0ADB-4231-ACCB-826C8E4F6A3E}
	EndGlobalSection
EndGlobal
